
Microsoft Visual Studio Solution File, Format Version 12.00
# Visual Studio Version 16
VisualStudioVersion = 16.0.29709.97
MinimumVisualStudioVersion = 10.0.40219.1
Project("{8BC9CEB8-8B4A-11D0-8D11-00A0C91BC942}") = "lw3", "lw3.vcxproj", "{E1ABF752-9DB0-4B1D-99E9-C577E177323E}"
EndProject
Global
	GlobalSection(SolutionConfigurationPlatforms) = preSolution
		Debug|x64 = Debug|x64
		Debug|x86 = Debug|x86
		Release|x64 = Release|x64
		Release|x86 = Release|x86
	EndGlobalSection
	GlobalSection(ProjectConfigurationPlatforms) = postSolution
		{E1ABF752-9DB0-4B1D-99E9-C577E177323E}.Debug|x64.ActiveCfg = Debug|x64
		{E1ABF752-9DB0-4B1D-99E9-C577E177323E}.Debug|x64.Build.0 = Debug|x64
		{E1ABF752-9DB0-4B1D-99E9-C577E177323E}.Debug|x86.ActiveCfg = Debug|Win32
		{E1ABF752-9DB0-4B1D-99E9-C577E177323E}.Debug|x86.Build.0 = Debug|Win32
		{E1ABF752-9DB0-4B1D-99E9-C577E177323E}.Release|x64.ActiveCfg = Release|x64
		{E1ABF752-9DB0-4B1D-99E9-C577E177323E}.Release|x64.Build.0 = Release|x64
		{E1ABF752-9DB0-4B1D-99E9-C577E177323E}.Release|x86.ActiveCfg = Release|Win32
		{E1ABF752-9DB0-4B1D-99E9-C577E177323E}.Release|x86.Build.0 = Release|Win32
	EndGlobalSection
	GlobalSection(SolutionProperties) = preSolution
		HideSolutionNode = FALSE
	EndGlobalSection
	GlobalSection(ExtensibilityGlobals) = postSolution
		SolutionGuid = {5345C052-F651-4A7A-956F-6C6A8A13BEB8}
	EndGlobalSection
EndGlobal
